
Microsoft Visual Studio Solution File, Format Version 12.00
# Visual Studio 15
VisualStudioVersion = 15.0.28307.572
MinimumVisualStudioVersion = 10.0.40219.1
Project("{FAE04EC0-301F-11D3-BF4B-00C04F79EFBC}") = "Lab28", "Lab28\Lab28.csproj", "{47D3AE2D-7ABB-4A15-BD1A-F2384434E3BB}"
EndProject
Global
	GlobalSection(SolutionConfigurationPlatforms) = preSolution
		Debug|Any CPU = Debug|Any CPU
		Release|Any CPU = Release|Any CPU
	EndGlobalSection
	GlobalSection(ProjectConfigurationPlatforms) = postSolution
		{47D3AE2D-7ABB-4A15-BD1A-F2384434E3BB}.Debug|Any CPU.ActiveCfg = Debug|Any CPU
		{47D3AE2D-7ABB-4A15-BD1A-F2384434E3BB}.Debug|Any CPU.Build.0 = Debug|Any CPU
		{47D3AE2D-7ABB-4A15-BD1A-F2384434E3BB}.Release|Any CPU.ActiveCfg = Release|Any CPU
		{47D3AE2D-7ABB-4A15-BD1A-F2384434E3BB}.Release|Any CPU.Build.0 = Release|Any CPU
	EndGlobalSection
	GlobalSection(SolutionProperties) = preSolution
		HideSolutionNode = FALSE
	EndGlobalSection
	GlobalSection(ExtensibilityGlobals) = postSolution
		SolutionGuid = {35F68046-E6A0-4C5D-BC77-423652940957}
	EndGlobalSection
EndGlobal
